
Microsoft Visual Studio Solution File, Format Version 12.00
# Visual Studio 15
VisualStudioVersion = 15.0.28307.136
MinimumVisualStudioVersion = 10.0.40219.1
Project("{9A19103F-16F7-4668-BE54-9A1E7A4F7556}") = "EFCoreExtensions", "EFCoreExtensions\EFCoreExtensions.csproj", "{6B159F04-A2FA-4B2E-9234-05C8914578D9}"
EndProject
Project("{FAE04EC0-301F-11D3-BF4B-00C04F79EFBC}") = "EFCoreExtensions.Test", "EFCoreExtensions.Test\EFCoreExtensions.Test.csproj", "{C3A60EA1-5EFC-4B8D-BF69-321D4E00A15A}"
EndProject
Global
	GlobalSection(SolutionConfigurationPlatforms) = preSolution
		Debug|Any CPU = Debug|Any CPU
		Release|Any CPU = Release|Any CPU
	EndGlobalSection
	GlobalSection(ProjectConfigurationPlatforms) = postSolution
		{6B159F04-A2FA-4B2E-9234-05C8914578D9}.Debug|Any CPU.ActiveCfg = Debug|Any CPU
		{6B159F04-A2FA-4B2E-9234-05C8914578D9}.Debug|Any CPU.Build.0 = Debug|Any CPU
		{6B159F04-A2FA-4B2E-9234-05C8914578D9}.Release|Any CPU.ActiveCfg = Release|Any CPU
		{6B159F04-A2FA-4B2E-9234-05C8914578D9}.Release|Any CPU.Build.0 = Release|Any CPU
		{C3A60EA1-5EFC-4B8D-BF69-321D4E00A15A}.Debug|Any CPU.ActiveCfg = Debug|Any CPU
		{C3A60EA1-5EFC-4B8D-BF69-321D4E00A15A}.Debug|Any CPU.Build.0 = Debug|Any CPU
		{C3A60EA1-5EFC-4B8D-BF69-321D4E00A15A}.Release|Any CPU.ActiveCfg = Release|Any CPU
		{C3A60EA1-5EFC-4B8D-BF69-321D4E00A15A}.Release|Any CPU.Build.0 = Release|Any CPU
	EndGlobalSection
	GlobalSection(SolutionProperties) = preSolution
		HideSolutionNode = FALSE
	EndGlobalSection
	GlobalSection(ExtensibilityGlobals) = postSolution
		SolutionGuid = {BB9FDB23-5739-4D8A-BEAC-48DE6B2BD4DB}
	EndGlobalSection
EndGlobal
